// !$*UTF8*$!
{
	archiveVersion = 1;
	classes = {
	};
	objectVersion = 55;
	objects = {

/* Begin PBXBuildFile section */
		90632B9B28AFAF6F00D98D15 /* AppDelegate.swift in Sources */ = {isa = PBXBuildFile; fileRef = 90632B9A28AFAF6F00D98D15 /* AppDelegate.swift */; };
		90632B9D28AFAF6F00D98D15 /* SceneDelegate.swift in Sources */ = {isa = PBXBuildFile; fileRef = 90632B9C28AFAF6F00D98D15 /* SceneDelegate.swift */; };
		90632B9F28AFAF6F00D98D15 /* ViewController.swift in Sources */ = {isa = PBXBuildFile; fileRef = 90632B9E28AFAF6F00D98D15 /* ViewController.swift */; };
		90632BA228AFAF6F00D98D15 /* Main.storyboard in Resources */ = {isa = PBXBuildFile; fileRef = 90632BA028AFAF6F00D98D15 /* Main.storyboard */; };
		90632BA528AFAF6F00D98D15 /* TodoAppWithCoreData.xcdatamodeld in Sources */ = {isa = PBXBuildFile; fileRef = 90632BA328AFAF6F00D98D15 /* TodoAppWithCoreData.xcdatamodeld */; };
		90632BA728AFAF7100D98D15 /* Assets.xcassets in Resources */ = {isa = PBXBuildFile; fileRef = 90632BA628AFAF7100D98D15 /* Assets.xcassets */; };
		90632BAA28AFAF7100D98D15 /* LaunchScreen.storyboard in Resources */ = {isa = PBXBuildFile; fileRef = 90632BA828AFAF7100D98D15 /* LaunchScreen.storyboard */; };
		90632BB328AFAFCE00D98D15 /* TodoListItem+CoreDataClass.swift in Sources */ = {isa = PBXBuildFile; fileRef = 90632BB128AFAFCE00D98D15 /* TodoListItem+CoreDataClass.swift */; };
		90632BB428AFAFCE00D98D15 /* TodoListItem+CoreDataProperties.swift in Sources */ = {isa = PBXBuildFile; fileRef = 90632BB228AFAFCE00D98D15 /* TodoListItem+CoreDataProperties.swift */; };
/* End PBXBuildFile section */

/* Begin PBXFileReference section */
		90632B9728AFAF6E00D98D15 /* TodoAppWithCoreData.app */ = {isa = PBXFileReference; explicitFileType = wrapper.application; includeInIndex = 0; path = TodoAppWithCoreData.app; sourceTree = BUILT_PRODUCTS_DIR; };
		90632B9A28AFAF6F00D98D15 /* AppDelegate.swift */ = {isa = PBXFileReference; lastKnownFileType = sourcecode.swift; path = AppDelegate.swift; sourceTree = "<group>"; };
		90632B9C28AFAF6F00D98D15 /* SceneDelegate.swift */ = {isa = PBXFileReference; lastKnownFileType = sourcecode.swift; path = SceneDelegate.swift; sourceTree = "<group>"; };
		90632B9E28AFAF6F00D98D15 /* ViewController.swift */ = {isa = PBXFileReference; lastKnownFileType = sourcecode.swift; path = ViewController.swift; sourceTree = "<group>"; };
		90632BA128AFAF6F00D98D15 /* Base */ = {isa = PBXFileReference; lastKnownFileType = file.storyboard; name = Base; path = Base.lproj/Main.storyboard; sourceTree = "<group>"; };
		90632BA428AFAF6F00D98D15 /* TodoAppWithCoreData.xcdatamodel */ = {isa = PBXFileReference; lastKnownFileType = wrapper.xcdatamodel; path = TodoAppWithCoreData.xcdatamodel; sourceTree = "<group>"; };
		90632BA628AFAF7100D98D15 /* Assets.xcassets */ = {isa = PBXFileReference; lastKnownFileType = folder.assetcatalog; path = Assets.xcassets; sourceTree = "<group>"; };
		90632BA928AFAF7100D98D15 /* Base */ = {isa = PBXFileReference; lastKnownFileType = file.storyboard; name = Base; path = Base.lproj/LaunchScreen.storyboard; sourceTree = "<group>"; };
		90632BAB28AFAF7100D98D15 /* Info.plist */ = {isa = PBXFileReference; lastKnownFileType = text.plist.xml; path = Info.plist; sourceTree = "<group>"; };
		90632BB128AFAFCE00D98D15 /* TodoListItem+CoreDataClass.swift */ = {isa = PBXFileReference; lastKnownFileType = sourcecode.swift; path = "TodoListItem+CoreDataClass.swift"; sourceTree = "<group>"; };
		90632BB228AFAFCE00D98D15 /* TodoListItem+CoreDataProperties.swift */ = {isa = PBXFileReference; lastKnownFileType = sourcecode.swift; path = "TodoListItem+CoreDataProperties.swift"; sourceTree = "<group>"; };
/* End PBXFileReference section */

/* Begin PBXFrameworksBuildPhase section */
		90632B9428AFAF6E00D98D15 /* Frameworks */ = {
			isa = PBXFrameworksBuildPhase;
			buildActionMask = 2147483647;
			files = (
			);
			runOnlyForDeploymentPostprocessing = 0;
		};
/* End PBXFrameworksBuildPhase section */

/* Begin PBXGroup section */
		90632B8E28AFAF6E00D98D15 = {
			isa = PBXGroup;
			children = (
				90632BB528AFBEFF00D98D15 /* TodoListItem */,
				90632BB128AFAFCE00D98D15 /* TodoListItem+CoreDataClass.swift */,
				90632BB228AFAFCE00D98D15 /* TodoListItem+CoreDataProperties.swift */,
				90632B9928AFAF6F00D98D15 /* TodoAppWithCoreData */,
				90632B9828AFAF6E00D98D15 /* Products */,
			);
			sourceTree = "<group>";
		};
		90632B9828AFAF6E00D98D15 /* Products */ = {
			isa = PBXGroup;
			children = (
				90632B9728AFAF6E00D98D15 /* TodoAppWithCoreData.app */,
			);
			name = Products;
			sourceTree = "<group>";
		};
		90632B9928AFAF6F00D98D15 /* TodoAppWithCoreData */ = {
			isa = PBXGroup;
			children = (
				90632B9A28AFAF6F00D98D15 /* AppDelegate.swift */,
				90632B9C28AFAF6F00D98D15 /* SceneDelegate.swift */,
				90632B9E28AFAF6F00D98D15 /* ViewController.swift */,
				90632BA028AFAF6F00D98D15 /* Main.storyboard */,
				90632BA628AFAF7100D98D15 /* Assets.xcassets */,
				90632BA828AFAF7100D98D15 /* LaunchScreen.storyboard */,
				90632BAB28AFAF7100D98D15 /* Info.plist */,
				90632BA328AFAF6F00D98D15 /* TodoAppWithCoreData.xcdatamodeld */,
			);
			path = TodoAppWithCoreData;
			sourceTree = "<group>";
		};
		90632BB528AFBEFF00D98D15 /* TodoListItem */ = {
			isa = PBXGroup;
			children = (
			);
			name = TodoListItem;
			sourceTree = "<group>";
		};
/* End PBXGroup section */

/* Begin PBXNativeTarget section */
		90632B9628AFAF6E00D98D15 /* TodoAppWithCoreData */ = {
			isa = PBXNativeTarget;
			buildConfigurationList = 90632BAE28AFAF7100D98D15 /* Build configuration list for PBXNativeTarget "TodoAppWithCoreData" */;
			buildPhases = (
				90632B9328AFAF6E00D98D15 /* Sources */,
				90632B9428AFAF6E00D98D15 /* Frameworks */,
				90632B9528AFAF6E00D98D15 /* Resources */,
			);
			buildRules = (
			);
			dependencies = (
			);
			name = TodoAppWithCoreData;
			productName = TodoAppWithCoreData;
			productReference = 90632B9728AFAF6E00D98D15 /* TodoAppWithCoreData.app */;
			productType = "com.apple.product-type.application";
		};
/* End PBXNativeTarget section */

/* Begin PBXProject section */
		90632B8F28AFAF6E00D98D15 /* Project object */ = {
			isa = PBXProject;
			attributes = {
				BuildIndependentTargetsInParallel = 1;
				LastSwiftUpdateCheck = 1340;
				LastUpgradeCheck = 1340;
				TargetAttributes = {
					90632B9628AFAF6E00D98D15 = {
						CreatedOnToolsVersion = 13.4.1;
					};
				};
			};
			buildConfigurationList = 90632B9228AFAF6E00D98D15 /* Build configuration list for PBXProject "TodoAppWithCoreData" */;
			compatibilityVersion = "Xcode 13.0";
			developmentRegion = en;
			hasScannedForEncodings = 0;
			knownRegions = (
				en,
				Base,
			);
			mainGroup = 90632B8E28AFAF6E00D98D15;
			productRefGroup = 90632B9828AFAF6E00D98D15 /* Products */;
			projectDirPath = "";
			projectRoot = "";
			targets = (
				90632B9628AFAF6E00D98D15 /* TodoAppWithCoreData */,
			);
		};
/* End PBXProject section */

/* Begin PBXResourcesBuildPhase section */
		90632B9528AFAF6E00D98D15 /* Resources */ = {
			isa = PBXResourcesBuildPhase;
			buildActionMask = 2147483647;
			files = (
				90632BAA28AFAF7100D98D15 /* LaunchScreen.storyboard in Resources */,
				90632BA728AFAF7100D98D15 /* Assets.xcassets in Resources */,
				90632BA228AFAF6F00D98D15 /* Main.storyboard in Resources */,
			);
			runOnlyForDeploymentPostprocessing = 0;
		};
/* End PBXResourcesBuildPhase section */

/* Begin PBXSourcesBuildPhase section */
		90632B9328AFAF6E00D98D15 /* Sources */ = {
			isa = PBXSourcesBuildPhase;
			buildActionMask = 2147483647;
			files = (
				90632BA528AFAF6F00D98D15 /* TodoAppWithCoreData.xcdatamodeld in Sources */,
				90632B9F28AFAF6F00D98D15 /* ViewController.swift in Sources */,
				90632BB328AFAFCE00D98D15 /* TodoListItem+CoreDataClass.swift in Sources */,
				90632B9B28AFAF6F00D98D15 /* AppDelegate.swift in Sources */,
				90632BB428AFAFCE00D98D15 /* TodoListItem+CoreDataProperties.swift in Sources */,
				90632B9D28AFAF6F00D98D15 /* SceneDelegate.swift in Sources */,
			);
			runOnlyForDeploymentPostprocessing = 0;
		};
/* End PBXSourcesBuildPhase section */

/* Begin PBXVariantGroup section */
		90632BA028AFAF6F00D98D15 /* Main.storyboard */ = {
			isa = PBXVariantGroup;
			children = (
				90632BA128AFAF6F00D98D15 /* Base */,
			);
			name = Main.storyboard;
			sourceTree = "<group>";
		};
		90632BA828AFAF7100D98D15 /* LaunchScreen.storyboard */ = {
			isa = PBXVariantGroup;
			children = (
				90632BA928AFAF7100D98D15 /* Base */,
			);
			name = LaunchScreen.storyboard;
			sourceTree = "<group>";
		};
/* End PBXVariantGroup section */

/* Begin XCBuildConfiguration section */
		90632BAC28AFAF7100D98D15 /* Debug */ = {
			isa = XCBuildConfiguration;
			buildSettings = {
				ALWAYS_SEARCH_USER_PATHS = NO;
				CLANG_ANALYZER_NONNULL = YES;
				CLANG_ANALYZER_NUMBER_OBJECT_CONVERSION = YES_AGGRESSIVE;
				CLANG_CXX_LANGUAGE_STANDARD = "gnu++17";
				CLANG_ENABLE_MODULES = YES;
				CLANG_ENABLE_OBJC_ARC = YES;
				CLANG_ENABLE_OBJC_WEAK = YES;
				CLANG_WARN_BLOCK_CAPTURE_AUTORELEASING = YES;
				CLANG_WARN_BOOL_CONVERSION = YES;
				CLANG_WARN_COMMA = YES;
				CLANG_WARN_CONSTANT_CONVERSION = YES;
				CLANG_WARN_DEPRECATED_OBJC_IMPLEMENTATIONS = YES;
				CLANG_WARN_DIRECT_OBJC_ISA_USAGE = YES_ERROR;
				CLANG_WARN_DOCUMENTATION_COMMENTS = YES;
				CLANG_WARN_EMPTY_BODY = YES;
				CLANG_WARN_ENUM_CONVERSION = YES;
				CLANG_WARN_INFINITE_RECURSION = YES;
				CLANG_WARN_INT_CONVERSION = YES;
				CLANG_WARN_NON_LITERAL_NULL_CONVERSION = YES;
				CLANG_WARN_OBJC_IMPLICIT_RETAIN_SELF = YES;
				CLANG_WARN_OBJC_LITERAL_CONVERSION = YES;
				CLANG_WARN_OBJC_ROOT_CLASS = YES_ERROR;
				CLANG_WARN_QUOTED_INCLUDE_IN_FRAMEWORK_HEADER = YES;
				CLANG_WARN_RANGE_LOOP_ANALYSIS = YES;
				CLANG_WARN_STRICT_PROTOTYPES = YES;
				CLANG_WARN_SUSPICIOUS_MOVE = YES;
				CLANG_WARN_UNGUARDED_AVAILABILITY = YES_AGGRESSIVE;
				CLANG_WARN_UNREACHABLE_CODE = YES;
				CLANG_WARN__DUPLICATE_METHOD_MATCH = YES;
				COPY_PHASE_STRIP = NO;
				DEBUG_INFORMATION_FORMAT = dwarf;
				ENABLE_STRICT_OBJC_MSGSEND = YES;
				ENABLE_TESTABILITY = YES;
				GCC_C_LANGUAGE_STANDARD = gnu11;
				GCC_DYNAMIC_NO_PIC = NO;
				GCC_NO_COMMON_BLOCKS = YES;
				GCC_OPTIMIZATION_LEVEL = 0;
				GCC_PREPROCESSOR_DEFINITIONS = (
					"DEBUG=1",
					"$(inherited)",
				);
				GCC_WARN_64_TO_32_BIT_CONVERSION = YES;
				GCC_WARN_ABOUT_RETURN_TYPE = YES_ERROR;
				GCC_WARN_UNDECLARED_SELECTOR = YES;
				GCC_WARN_UNINITIALIZED_AUTOS = YES_AGGRESSIVE;
				GCC_WARN_UNUSED_FUNCTION = YES;
				GCC_WARN_UNUSED_VARIABLE = YES;
				IPHONEOS_DEPLOYMENT_TARGET = 15.5;
				MTL_ENABLE_DEBUG_INFO = INCLUDE_SOURCE;
				MTL_FAST_MATH = YES;
				ONLY_ACTIVE_ARCH = YES;
				SDKROOT = iphoneos;
				SWIFT_ACTIVE_COMPILATION_CONDITIONS = DEBUG;
				SWIFT_OPTIMIZATION_LEVEL = "-Onone";
			};
			name = Debug;
		};
		90632BAD28AFAF7100D98D15 /* Release */ = {
			isa = XCBuildConfiguration;
			buildSettings = {
				ALWAYS_SEARCH_USER_PATHS = NO;
				CLANG_ANALYZER_NONNULL = YES;
				CLANG_ANALYZER_NUMBER_OBJECT_CONVERSION = YES_AGGRESSIVE;
				CLANG_CXX_LANGUAGE_STANDARD = "gnu++17";
				CLANG_ENABLE_MODULES = YES;
				CLANG_ENABLE_OBJC_ARC = YES;
				CLANG_ENABLE_OBJC_WEAK = YES;
				CLANG_WARN_BLOCK_CAPTURE_AUTORELEASING = YES;
				CLANG_WARN_BOOL_CONVERSION = YES;
				CLANG_WARN_COMMA = YES;
				CLANG_WARN_CONSTANT_CONVERSION = YES;
				CLANG_WARN_DEPRECATED_OBJC_IMPLEMENTATIONS = YES;
				CLANG_WARN_DIRECT_OBJC_ISA_USAGE = YES_ERROR;
				CLANG_WARN_DOCUMENTATION_COMMENTS = YES;
				CLANG_WARN_EMPTY_BODY = YES;
				CLANG_WARN_ENUM_CONVERSION = YES;
				CLANG_WARN_INFINITE_RECURSION = YES;
				CLANG_WARN_INT_CONVERSION = YES;
				CLANG_WARN_NON_LITERAL_NULL_CONVERSION = YES;
				CLANG_WARN_OBJC_IMPLICIT_RETAIN_SELF = YES;
				CLANG_WARN_OBJC_LITERAL_CONVERSION = YES;
				CLANG_WARN_OBJC_ROOT_CLASS = YES_ERROR;
				CLANG_WARN_QUOTED_INCLUDE_IN_FRAMEWORK_HEADER = YES;
				CLANG_WARN_RANGE_LOOP_ANALYSIS = YES;
				CLANG_WARN_STRICT_PROTOTYPES = YES;
				CLANG_WARN_SUSPICIOUS_MOVE = YES;
				CLANG_WARN_UNGUARDED_AVAILABILITY = YES_AGGRESSIVE;
				CLANG_WARN_UNREACHABLE_CODE = YES;
				CLANG_WARN__DUPLICATE_METHOD_MATCH = YES;
				COPY_PHASE_STRIP = NO;
				DEBUG_INFORMATION_FORMAT = "dwarf-with-dsym";
				ENABLE_NS_ASSERTIONS = NO;
				ENABLE_STRICT_OBJC_MSGSEND = YES;
				GCC_C_LANGUAGE_STANDARD = gnu11;
				GCC_NO_COMMON_BLOCKS = YES;
				GCC_WARN_64_TO_32_BIT_CONVERSION = YES;
				GCC_WARN_ABOUT_RETURN_TYPE = YES_ERROR;
				GCC_WARN_UNDECLARED_SELECTOR = YES;
				GCC_WARN_UNINITIALIZED_AUTOS = YES_AGGRESSIVE;
				GCC_WARN_UNUSED_FUNCTION = YES;
				GCC_WARN_UNUSED_VARIABLE = YES;
				IPHONEOS_DEPLOYMENT_TARGET = 15.5;
				MTL_ENABLE_DEBUG_INFO = NO;
				MTL_FAST_MATH = YES;
				SDKROOT = iphoneos;
				SWIFT_COMPILATION_MODE = wholemodule;
				SWIFT_OPTIMIZATION_LEVEL = "-O";
				VALIDATE_PRODUCT = YES;
			};
			name = Release;
		};
		90632BAF28AFAF7100D98D15 /* Debug */ = {
			isa = XCBuildConfiguration;
			buildSettings = {
				ASSETCATALOG_COMPILER_APPICON_NAME = AppIcon;
				ASSETCATALOG_COMPILER_GLOBAL_ACCENT_COLOR_NAME = AccentColor;
				CODE_SIGN_STYLE = Automatic;
				CURRENT_PROJECT_VERSION = 1;
				DEVELOPMENT_TEAM = 29ZH5LFD2T;
				GENERATE_INFOPLIST_FILE = YES;
				INFOPLIST_FILE = TodoAppWithCoreData/Info.plist;
				INFOPLIST_KEY_UIApplicationSupportsIndirectInputEvents = YES;
				INFOPLIST_KEY_UILaunchStoryboardName = LaunchScreen;
				INFOPLIST_KEY_UIMainStoryboardFile = Main;
				INFOPLIST_KEY_UISupportedInterfaceOrientations_iPad = "UIInterfaceOrientationPortrait UIInterfaceOrientationPortraitUpsideDown UIInterfaceOrientationLandscapeLeft UIInterfaceOrientationLandscapeRight";
				INFOPLIST_KEY_UISupportedInterfaceOrientations_iPhone = "UIInterfaceOrientationPortrait UIInterfaceOrientationLandscapeLeft UIInterfaceOrientationLandscapeRight";
				LD_RUNPATH_SEARCH_PATHS = (
					"$(inherited)",
					"@executable_path/Frameworks",
				);
				MARKETING_VERSION = 1.0;
				PRODUCT_BUNDLE_IDENTIFIER = com.example.TodoAppWithCoreData;
				PRODUCT_NAME = "$(TARGET_NAME)";
				SWIFT_EMIT_LOC_STRINGS = YES;
				SWIFT_VERSION = 5.0;
				TARGETED_DEVICE_FAMILY = "1,2";
			};
			name = Debug;
		};
		90632BB028AFAF7100D98D15 /* Release */ = {
			isa = XCBuildConfiguration;
			buildSettings = {
				ASSETCATALOG_COMPILER_APPICON_NAME = AppIcon;
				ASSETCATALOG_COMPILER_GLOBAL_ACCENT_COLOR_NAME = AccentColor;
				CODE_SIGN_STYLE = Automatic;
				CURRENT_PROJECT_VERSION = 1;
				DEVELOPMENT_TEAM = 29ZH5LFD2T;
				GENERATE_INFOPLIST_FILE = YES;
				INFOPLIST_FILE = TodoAppWithCoreData/Info.plist;
				INFOPLIST_KEY_UIApplicationSupportsIndirectInputEvents = YES;
				INFOPLIST_KEY_UILaunchStoryboardName = LaunchScreen;
				INFOPLIST_KEY_UIMainStoryboardFile = Main;
				INFOPLIST_KEY_UISupportedInterfaceOrientations_iPad = "UIInterfaceOrientationPortrait UIInterfaceOrientationPortraitUpsideDown UIInterfaceOrientationLandscapeLeft UIInterfaceOrientationLandscapeRight";
				INFOPLIST_KEY_UISupportedInterfaceOrientations_iPhone = "UIInterfaceOrientationPortrait UIInterfaceOrientationLandscapeLeft UIInterfaceOrientationLandscapeRight";
				LD_RUNPATH_SEARCH_PATHS = (
					"$(inherited)",
					"@executable_path/Frameworks",
				);
				MARKETING_VERSION = 1.0;
				PRODUCT_BUNDLE_IDENTIFIER = com.example.TodoAppWithCoreData;
				PRODUCT_NAME = "$(TARGET_NAME)";
				SWIFT_EMIT_LOC_STRINGS = YES;
				SWIFT_VERSION = 5.0;
				TARGETED_DEVICE_FAMILY = "1,2";
			};
			name = Release;
		};
/* End XCBuildConfiguration section */

/* Begin XCConfigurationList section */
		90632B9228AFAF6E00D98D15 /* Build configuration list for PBXProject "TodoAppWithCoreData" */ = {
			isa = XCConfigurationList;
			buildConfigurations = (
				90632BAC28AFAF7100D98D15 /* Debug */,
				90632BAD28AFAF7100D98D15 /* Release */,
			);
			defaultConfigurationIsVisible = 0;
			defaultConfigurationName = Release;
		};
		90632BAE28AFAF7100D98D15 /* Build configuration list for PBXNativeTarget "TodoAppWithCoreData" */ = {
			isa = XCConfigurationList;
			buildConfigurations = (
				90632BAF28AFAF7100D98D15 /* Debug */,
				90632BB028AFAF7100D98D15 /* Release */,
			);
			defaultConfigurationIsVisible = 0;
			defaultConfigurationName = Release;
		};
/* End XCConfigurationList section */

/* Begin XCVersionGroup section */
		90632BA328AFAF6F00D98D15 /* TodoAppWithCoreData.xcdatamodeld */ = {
			isa = XCVersionGroup;
			children = (
				90632BA428AFAF6F00D98D15 /* TodoAppWithCoreData.xcdatamodel */,
			);
			currentVersion = 90632BA428AFAF6F00D98D15 /* TodoAppWithCoreData.xcdatamodel */;
			path = TodoAppWithCoreData.xcdatamodeld;
			sourceTree = "<group>";
			usesTabs = 0;
			versionGroupType = wrapper.xcdatamodel;
		};
/* End XCVersionGroup section */
	};
	rootObject = 90632B8F28AFAF6E00D98D15 /* Project object */;
}
